
Microsoft Visual Studio Solution File, Format Version 12.00
# Visual Studio 2013
VisualStudioVersion = 12.0.40629.0
MinimumVisualStudioVersion = 10.0.40219.1
Project("{2150E333-8FDC-42A3-9474-1A3956D46DE8}") = "MarsRover", "MarsRover", "{BCE2A884-CB52-46C7-9B97-E4CF55F053DF}"
EndProject
Project("{FAE04EC0-301F-11D3-BF4B-00C04F79EFBC}") = "MarsRoverUI", "MarsRover\MarsRoverUI\MarsRoverUI.csproj", "{7F4A08D5-292C-47ED-A85C-9ABDEDCBAEA4}"
EndProject
Project("{2150E333-8FDC-42A3-9474-1A3956D46DE8}") = "Day8", "Day8", "{1B663994-2CB3-4C6A-B742-84674F8E9BB5}"
EndProject
Project("{FAE04EC0-301F-11D3-BF4B-00C04F79EFBC}") = "CustomerManagementApp", "Day8\CustomerManagementApp\CustomerManagementApp.csproj", "{EFE2EBA5-4260-4720-97C8-48B7F3FC52A4}"
EndProject
Project("{FAE04EC0-301F-11D3-BF4B-00C04F79EFBC}") = "DataAccessLayer", "Day8\DataAccessLayer\DataAccessLayer.csproj", "{D63116FE-E275-4AD8-A3CE-73B68F33D8AB}"
EndProject
Project("{FAE04EC0-301F-11D3-BF4B-00C04F79EFBC}") = "Model", "Day8\Model\Model.csproj", "{0D8414AB-0EAC-4A50-9571-4E416144534D}"
EndProject
Project("{FAE04EC0-301F-11D3-BF4B-00C04F79EFBC}") = "BusinessLayer", "Day8\BusinessLayer\BusinessLayer.csproj", "{905434EA-BDCF-4603-A018-DB2401169AF6}"
EndProject
Project("{2150E333-8FDC-42A3-9474-1A3956D46DE8}") = "Day9", "Day9", "{8BDBF824-E50E-46BC-9A1B-D1CD8FD2C2A3}"
EndProject
Project("{FAE04EC0-301F-11D3-BF4B-00C04F79EFBC}") = "AnonymousTypes", "Day9\AnonymousTypes\AnonymousTypes.csproj", "{B59F15F5-753D-4FED-B297-308FB0726BA4}"
EndProject
Project("{FAE04EC0-301F-11D3-BF4B-00C04F79EFBC}") = "Delegates", "Day9\Delegates\Delegates.csproj", "{FFE6FC74-7E65-4EB0-A225-23A9CD37A927}"
EndProject
Project("{FAE04EC0-301F-11D3-BF4B-00C04F79EFBC}") = "DelegatesEvent", "Day9\DelegatesEvent\DelegatesEvent.csproj", "{D6E14068-6EEA-4D79-BB77-FDCDE6E89FE7}"
EndProject
Project("{FAE04EC0-301F-11D3-BF4B-00C04F79EFBC}") = "FormEvent", "Day9\FormEvent\FormEvent.csproj", "{AF8F37E5-3319-4E89-BDB9-6407BA2CF2BB}"
EndProject
Project("{FAE04EC0-301F-11D3-BF4B-00C04F79EFBC}") = "PartialClass", "Day9\PartialClass\PartialClass.csproj", "{AB9DA616-E58F-4569-9924-8A2CC0E015C4}"
EndProject
Project("{FAE04EC0-301F-11D3-BF4B-00C04F79EFBC}") = "DelegatesCallback", "Day9\DelegatesCallback\DelegatesCallback.csproj", "{70F8619C-2813-4A2B-AEE5-5099B542A31C}"
EndProject
Global
	GlobalSection(SolutionConfigurationPlatforms) = preSolution
		Debug|Any CPU = Debug|Any CPU
		Release|Any CPU = Release|Any CPU
	EndGlobalSection
	GlobalSection(ProjectConfigurationPlatforms) = postSolution
		{7F4A08D5-292C-47ED-A85C-9ABDEDCBAEA4}.Debug|Any CPU.ActiveCfg = Debug|Any CPU
		{7F4A08D5-292C-47ED-A85C-9ABDEDCBAEA4}.Debug|Any CPU.Build.0 = Debug|Any CPU
		{7F4A08D5-292C-47ED-A85C-9ABDEDCBAEA4}.Release|Any CPU.ActiveCfg = Release|Any CPU
		{7F4A08D5-292C-47ED-A85C-9ABDEDCBAEA4}.Release|Any CPU.Build.0 = Release|Any CPU
		{EFE2EBA5-4260-4720-97C8-48B7F3FC52A4}.Debug|Any CPU.ActiveCfg = Debug|Any CPU
		{EFE2EBA5-4260-4720-97C8-48B7F3FC52A4}.Debug|Any CPU.Build.0 = Debug|Any CPU
		{EFE2EBA5-4260-4720-97C8-48B7F3FC52A4}.Release|Any CPU.ActiveCfg = Release|Any CPU
		{EFE2EBA5-4260-4720-97C8-48B7F3FC52A4}.Release|Any CPU.Build.0 = Release|Any CPU
		{D63116FE-E275-4AD8-A3CE-73B68F33D8AB}.Debug|Any CPU.ActiveCfg = Debug|Any CPU
		{D63116FE-E275-4AD8-A3CE-73B68F33D8AB}.Debug|Any CPU.Build.0 = Debug|Any CPU
		{D63116FE-E275-4AD8-A3CE-73B68F33D8AB}.Release|Any CPU.ActiveCfg = Release|Any CPU
		{D63116FE-E275-4AD8-A3CE-73B68F33D8AB}.Release|Any CPU.Build.0 = Release|Any CPU
		{0D8414AB-0EAC-4A50-9571-4E416144534D}.Debug|Any CPU.ActiveCfg = Debug|Any CPU
		{0D8414AB-0EAC-4A50-9571-4E416144534D}.Debug|Any CPU.Build.0 = Debug|Any CPU
		{0D8414AB-0EAC-4A50-9571-4E416144534D}.Release|Any CPU.ActiveCfg = Release|Any CPU
		{0D8414AB-0EAC-4A50-9571-4E416144534D}.Release|Any CPU.Build.0 = Release|Any CPU
		{905434EA-BDCF-4603-A018-DB2401169AF6}.Debug|Any CPU.ActiveCfg = Debug|Any CPU
		{905434EA-BDCF-4603-A018-DB2401169AF6}.Debug|Any CPU.Build.0 = Debug|Any CPU
		{905434EA-BDCF-4603-A018-DB2401169AF6}.Release|Any CPU.ActiveCfg = Release|Any CPU
		{905434EA-BDCF-4603-A018-DB2401169AF6}.Release|Any CPU.Build.0 = Release|Any CPU
		{B59F15F5-753D-4FED-B297-308FB0726BA4}.Debug|Any CPU.ActiveCfg = Debug|Any CPU
		{B59F15F5-753D-4FED-B297-308FB0726BA4}.Debug|Any CPU.Build.0 = Debug|Any CPU
		{B59F15F5-753D-4FED-B297-308FB0726BA4}.Release|Any CPU.ActiveCfg = Release|Any CPU
		{B59F15F5-753D-4FED-B297-308FB0726BA4}.Release|Any CPU.Build.0 = Release|Any CPU
		{FFE6FC74-7E65-4EB0-A225-23A9CD37A927}.Debug|Any CPU.ActiveCfg = Debug|Any CPU
		{FFE6FC74-7E65-4EB0-A225-23A9CD37A927}.Debug|Any CPU.Build.0 = Debug|Any CPU
		{FFE6FC74-7E65-4EB0-A225-23A9CD37A927}.Release|Any CPU.ActiveCfg = Release|Any CPU
		{FFE6FC74-7E65-4EB0-A225-23A9CD37A927}.Release|Any CPU.Build.0 = Release|Any CPU
		{D6E14068-6EEA-4D79-BB77-FDCDE6E89FE7}.Debug|Any CPU.ActiveCfg = Debug|Any CPU
		{D6E14068-6EEA-4D79-BB77-FDCDE6E89FE7}.Debug|Any CPU.Build.0 = Debug|Any CPU
		{D6E14068-6EEA-4D79-BB77-FDCDE6E89FE7}.Release|Any CPU.ActiveCfg = Release|Any CPU
		{D6E14068-6EEA-4D79-BB77-FDCDE6E89FE7}.Release|Any CPU.Build.0 = Release|Any CPU
		{AF8F37E5-3319-4E89-BDB9-6407BA2CF2BB}.Debug|Any CPU.ActiveCfg = Debug|Any CPU
		{AF8F37E5-3319-4E89-BDB9-6407BA2CF2BB}.Debug|Any CPU.Build.0 = Debug|Any CPU
		{AF8F37E5-3319-4E89-BDB9-6407BA2CF2BB}.Release|Any CPU.ActiveCfg = Release|Any CPU
		{AF8F37E5-3319-4E89-BDB9-6407BA2CF2BB}.Release|Any CPU.Build.0 = Release|Any CPU
		{AB9DA616-E58F-4569-9924-8A2CC0E015C4}.Debug|Any CPU.ActiveCfg = Debug|Any CPU
		{AB9DA616-E58F-4569-9924-8A2CC0E015C4}.Debug|Any CPU.Build.0 = Debug|Any CPU
		{AB9DA616-E58F-4569-9924-8A2CC0E015C4}.Release|Any CPU.ActiveCfg = Release|Any CPU
		{AB9DA616-E58F-4569-9924-8A2CC0E015C4}.Release|Any CPU.Build.0 = Release|Any CPU
		{70F8619C-2813-4A2B-AEE5-5099B542A31C}.Debug|Any CPU.ActiveCfg = Debug|Any CPU
		{70F8619C-2813-4A2B-AEE5-5099B542A31C}.Debug|Any CPU.Build.0 = Debug|Any CPU
		{70F8619C-2813-4A2B-AEE5-5099B542A31C}.Release|Any CPU.ActiveCfg = Release|Any CPU
		{70F8619C-2813-4A2B-AEE5-5099B542A31C}.Release|Any CPU.Build.0 = Release|Any CPU
	EndGlobalSection
	GlobalSection(SolutionProperties) = preSolution
		HideSolutionNode = FALSE
	EndGlobalSection
	GlobalSection(NestedProjects) = preSolution
		{7F4A08D5-292C-47ED-A85C-9ABDEDCBAEA4} = {BCE2A884-CB52-46C7-9B97-E4CF55F053DF}
		{EFE2EBA5-4260-4720-97C8-48B7F3FC52A4} = {1B663994-2CB3-4C6A-B742-84674F8E9BB5}
		{D63116FE-E275-4AD8-A3CE-73B68F33D8AB} = {1B663994-2CB3-4C6A-B742-84674F8E9BB5}
		{0D8414AB-0EAC-4A50-9571-4E416144534D} = {1B663994-2CB3-4C6A-B742-84674F8E9BB5}
		{905434EA-BDCF-4603-A018-DB2401169AF6} = {1B663994-2CB3-4C6A-B742-84674F8E9BB5}
		{B59F15F5-753D-4FED-B297-308FB0726BA4} = {8BDBF824-E50E-46BC-9A1B-D1CD8FD2C2A3}
		{FFE6FC74-7E65-4EB0-A225-23A9CD37A927} = {8BDBF824-E50E-46BC-9A1B-D1CD8FD2C2A3}
		{D6E14068-6EEA-4D79-BB77-FDCDE6E89FE7} = {8BDBF824-E50E-46BC-9A1B-D1CD8FD2C2A3}
		{AF8F37E5-3319-4E89-BDB9-6407BA2CF2BB} = {8BDBF824-E50E-46BC-9A1B-D1CD8FD2C2A3}
		{AB9DA616-E58F-4569-9924-8A2CC0E015C4} = {8BDBF824-E50E-46BC-9A1B-D1CD8FD2C2A3}
		{70F8619C-2813-4A2B-AEE5-5099B542A31C} = {8BDBF824-E50E-46BC-9A1B-D1CD8FD2C2A3}
	EndGlobalSection
EndGlobal
