
Microsoft Visual Studio Solution File, Format Version 12.00
# Visual Studio 14
VisualStudioVersion = 14.0.23107.0
MinimumVisualStudioVersion = 10.0.40219.1
Project("{FAE04EC0-301F-11D3-BF4B-00C04F79EFBC}") = "PoneraAdmin", "PoneraAdmin\PoneraAdmin.csproj", "{39883F26-E37B-41AA-A5CA-DBD66E083D5D}"
EndProject
Project("{2150E333-8FDC-42A3-9474-1A3956D46DE8}") = "Base", "Base", "{37FBC71D-C335-4BD9-B5BA-2F22074398CE}"
EndProject
Project("{FAE04EC0-301F-11D3-BF4B-00C04F79EFBC}") = "DataAccess", "Base\DataAccess\DataAccess.csproj", "{D8DC588C-1A05-4C53-AF3C-D6DFE25C6792}"
EndProject
Project("{FAE04EC0-301F-11D3-BF4B-00C04F79EFBC}") = "Models", "Base\Models\Models.csproj", "{B20F0536-9479-4839-87AE-BF1E9349A496}"
EndProject
Project("{FAE04EC0-301F-11D3-BF4B-00C04F79EFBC}") = "BusinessLayer", "Base\BusinessLayer\BusinessLayer.csproj", "{492736D9-F77C-4BD1-B49C-6AB94AC05C6C}"
EndProject
Global
	GlobalSection(SolutionConfigurationPlatforms) = preSolution
		Debug|Any CPU = Debug|Any CPU
		Release|Any CPU = Release|Any CPU
	EndGlobalSection
	GlobalSection(ProjectConfigurationPlatforms) = postSolution
		{39883F26-E37B-41AA-A5CA-DBD66E083D5D}.Debug|Any CPU.ActiveCfg = Debug|Any CPU
		{39883F26-E37B-41AA-A5CA-DBD66E083D5D}.Debug|Any CPU.Build.0 = Debug|Any CPU
		{39883F26-E37B-41AA-A5CA-DBD66E083D5D}.Release|Any CPU.ActiveCfg = Release|Any CPU
		{39883F26-E37B-41AA-A5CA-DBD66E083D5D}.Release|Any CPU.Build.0 = Release|Any CPU
		{D8DC588C-1A05-4C53-AF3C-D6DFE25C6792}.Debug|Any CPU.ActiveCfg = Debug|Any CPU
		{D8DC588C-1A05-4C53-AF3C-D6DFE25C6792}.Debug|Any CPU.Build.0 = Debug|Any CPU
		{D8DC588C-1A05-4C53-AF3C-D6DFE25C6792}.Release|Any CPU.ActiveCfg = Release|Any CPU
		{D8DC588C-1A05-4C53-AF3C-D6DFE25C6792}.Release|Any CPU.Build.0 = Release|Any CPU
		{B20F0536-9479-4839-87AE-BF1E9349A496}.Debug|Any CPU.ActiveCfg = Debug|Any CPU
		{B20F0536-9479-4839-87AE-BF1E9349A496}.Debug|Any CPU.Build.0 = Debug|Any CPU
		{B20F0536-9479-4839-87AE-BF1E9349A496}.Release|Any CPU.ActiveCfg = Release|Any CPU
		{B20F0536-9479-4839-87AE-BF1E9349A496}.Release|Any CPU.Build.0 = Release|Any CPU
		{492736D9-F77C-4BD1-B49C-6AB94AC05C6C}.Debug|Any CPU.ActiveCfg = Debug|Any CPU
		{492736D9-F77C-4BD1-B49C-6AB94AC05C6C}.Debug|Any CPU.Build.0 = Debug|Any CPU
		{492736D9-F77C-4BD1-B49C-6AB94AC05C6C}.Release|Any CPU.ActiveCfg = Release|Any CPU
		{492736D9-F77C-4BD1-B49C-6AB94AC05C6C}.Release|Any CPU.Build.0 = Release|Any CPU
	EndGlobalSection
	GlobalSection(SolutionProperties) = preSolution
		HideSolutionNode = FALSE
	EndGlobalSection
	GlobalSection(NestedProjects) = preSolution
		{D8DC588C-1A05-4C53-AF3C-D6DFE25C6792} = {37FBC71D-C335-4BD9-B5BA-2F22074398CE}
		{B20F0536-9479-4839-87AE-BF1E9349A496} = {37FBC71D-C335-4BD9-B5BA-2F22074398CE}
		{492736D9-F77C-4BD1-B49C-6AB94AC05C6C} = {37FBC71D-C335-4BD9-B5BA-2F22074398CE}
	EndGlobalSection
EndGlobal
