
Microsoft Visual Studio Solution File, Format Version 12.00
# Visual Studio 14
VisualStudioVersion = 14.0.24720.0
MinimumVisualStudioVersion = 10.0.40219.1
Project("{FAE04EC0-301F-11D3-BF4B-00C04F79EFBC}") = "PoneraAdmin", "PoneraAdmin\PoneraAdmin.csproj", "{39883F26-E37B-41AA-A5CA-DBD66E083D5D}"
EndProject
Project("{2150E333-8FDC-42A3-9474-1A3956D46DE8}") = "Base", "Base", "{37FBC71D-C335-4BD9-B5BA-2F22074398CE}"
EndProject
Project("{FAE04EC0-301F-11D3-BF4B-00C04F79EFBC}") = "Models", "Base\Models\Models.csproj", "{B20F0536-9479-4839-87AE-BF1E9349A496}"
EndProject
Project("{FAE04EC0-301F-11D3-BF4B-00C04F79EFBC}") = "BusinessLayer", "Base\BusinessLayer\BusinessLayer.csproj", "{492736D9-F77C-4BD1-B49C-6AB94AC05C6C}"
EndProject
Project("{FAE04EC0-301F-11D3-BF4B-00C04F79EFBC}") = "DataAccess", "Base\DataAccess\DataAccess.csproj", "{D8DC588C-1A05-4C53-AF3C-D6DFE25C6792}"
EndProject
Project("{FAE04EC0-301F-11D3-BF4B-00C04F79EFBC}") = "Security", "Base\Security\Security.csproj", "{5E95E85C-13C9-401E-BD6B-8901256203DF}"
EndProject
Project("{FAE04EC0-301F-11D3-BF4B-00C04F79EFBC}") = "PoneraAdmin.Core", "PoneraAdmin.Core\PoneraAdmin.Core.csproj", "{96185F1E-2E4D-4747-BBAD-EE8C5709A1CF}"
EndProject
Project("{2150E333-8FDC-42A3-9474-1A3956D46DE8}") = "ExceptionHandling", "ExceptionHandling", "{A1611560-E88D-48B2-BA47-D4694FDF3693}"
EndProject
Project("{FAE04EC0-301F-11D3-BF4B-00C04F79EFBC}") = "Exceptions", "Base\ExceptionHandling\Exceptions\Exceptions.csproj", "{5E447D83-DC50-492C-8AB2-8E715E23E027}"
EndProject
Project("{FAE04EC0-301F-11D3-BF4B-00C04F79EFBC}") = "ExceptionHandling", "Base\ExceptionHandling\ExceptionHandling\ExceptionHandling.csproj", "{130CD8B6-2A55-473F-905B-6FA9B106BAF1}"
EndProject
Project("{2150E333-8FDC-42A3-9474-1A3956D46DE8}") = "Notification", "Notification", "{4F535957-D86A-4FFF-982C-0663812BA008}"
EndProject
Project("{FAE04EC0-301F-11D3-BF4B-00C04F79EFBC}") = "Notification", "Base\Notification\Notification\Notification.csproj", "{2D46F966-FF01-4FED-8A31-82254D9E33F7}"
EndProject
Global
	GlobalSection(SolutionConfigurationPlatforms) = preSolution
		Debug|Any CPU = Debug|Any CPU
		Release|Any CPU = Release|Any CPU
	EndGlobalSection
	GlobalSection(ProjectConfigurationPlatforms) = postSolution
		{39883F26-E37B-41AA-A5CA-DBD66E083D5D}.Debug|Any CPU.ActiveCfg = Debug|Any CPU
		{39883F26-E37B-41AA-A5CA-DBD66E083D5D}.Debug|Any CPU.Build.0 = Debug|Any CPU
		{39883F26-E37B-41AA-A5CA-DBD66E083D5D}.Release|Any CPU.ActiveCfg = Release|Any CPU
		{39883F26-E37B-41AA-A5CA-DBD66E083D5D}.Release|Any CPU.Build.0 = Release|Any CPU
		{B20F0536-9479-4839-87AE-BF1E9349A496}.Debug|Any CPU.ActiveCfg = Debug|Any CPU
		{B20F0536-9479-4839-87AE-BF1E9349A496}.Debug|Any CPU.Build.0 = Debug|Any CPU
		{B20F0536-9479-4839-87AE-BF1E9349A496}.Release|Any CPU.ActiveCfg = Release|Any CPU
		{B20F0536-9479-4839-87AE-BF1E9349A496}.Release|Any CPU.Build.0 = Release|Any CPU
		{492736D9-F77C-4BD1-B49C-6AB94AC05C6C}.Debug|Any CPU.ActiveCfg = Debug|Any CPU
		{492736D9-F77C-4BD1-B49C-6AB94AC05C6C}.Debug|Any CPU.Build.0 = Debug|Any CPU
		{492736D9-F77C-4BD1-B49C-6AB94AC05C6C}.Release|Any CPU.ActiveCfg = Release|Any CPU
		{492736D9-F77C-4BD1-B49C-6AB94AC05C6C}.Release|Any CPU.Build.0 = Release|Any CPU
		{D8DC588C-1A05-4C53-AF3C-D6DFE25C6792}.Debug|Any CPU.ActiveCfg = Debug|Any CPU
		{D8DC588C-1A05-4C53-AF3C-D6DFE25C6792}.Debug|Any CPU.Build.0 = Debug|Any CPU
		{D8DC588C-1A05-4C53-AF3C-D6DFE25C6792}.Release|Any CPU.ActiveCfg = Release|Any CPU
		{D8DC588C-1A05-4C53-AF3C-D6DFE25C6792}.Release|Any CPU.Build.0 = Release|Any CPU
		{5E95E85C-13C9-401E-BD6B-8901256203DF}.Debug|Any CPU.ActiveCfg = Debug|Any CPU
		{5E95E85C-13C9-401E-BD6B-8901256203DF}.Debug|Any CPU.Build.0 = Debug|Any CPU
		{5E95E85C-13C9-401E-BD6B-8901256203DF}.Release|Any CPU.ActiveCfg = Release|Any CPU
		{5E95E85C-13C9-401E-BD6B-8901256203DF}.Release|Any CPU.Build.0 = Release|Any CPU
		{96185F1E-2E4D-4747-BBAD-EE8C5709A1CF}.Debug|Any CPU.ActiveCfg = Debug|Any CPU
		{96185F1E-2E4D-4747-BBAD-EE8C5709A1CF}.Debug|Any CPU.Build.0 = Debug|Any CPU
		{96185F1E-2E4D-4747-BBAD-EE8C5709A1CF}.Release|Any CPU.ActiveCfg = Release|Any CPU
		{96185F1E-2E4D-4747-BBAD-EE8C5709A1CF}.Release|Any CPU.Build.0 = Release|Any CPU
		{5E447D83-DC50-492C-8AB2-8E715E23E027}.Debug|Any CPU.ActiveCfg = Debug|Any CPU
		{5E447D83-DC50-492C-8AB2-8E715E23E027}.Debug|Any CPU.Build.0 = Debug|Any CPU
		{5E447D83-DC50-492C-8AB2-8E715E23E027}.Release|Any CPU.ActiveCfg = Release|Any CPU
		{5E447D83-DC50-492C-8AB2-8E715E23E027}.Release|Any CPU.Build.0 = Release|Any CPU
		{130CD8B6-2A55-473F-905B-6FA9B106BAF1}.Debug|Any CPU.ActiveCfg = Debug|Any CPU
		{130CD8B6-2A55-473F-905B-6FA9B106BAF1}.Debug|Any CPU.Build.0 = Debug|Any CPU
		{130CD8B6-2A55-473F-905B-6FA9B106BAF1}.Release|Any CPU.ActiveCfg = Release|Any CPU
		{130CD8B6-2A55-473F-905B-6FA9B106BAF1}.Release|Any CPU.Build.0 = Release|Any CPU
		{2D46F966-FF01-4FED-8A31-82254D9E33F7}.Debug|Any CPU.ActiveCfg = Debug|Any CPU
		{2D46F966-FF01-4FED-8A31-82254D9E33F7}.Debug|Any CPU.Build.0 = Debug|Any CPU
		{2D46F966-FF01-4FED-8A31-82254D9E33F7}.Release|Any CPU.ActiveCfg = Release|Any CPU
		{2D46F966-FF01-4FED-8A31-82254D9E33F7}.Release|Any CPU.Build.0 = Release|Any CPU
	EndGlobalSection
	GlobalSection(SolutionProperties) = preSolution
		HideSolutionNode = FALSE
	EndGlobalSection
	GlobalSection(NestedProjects) = preSolution
		{B20F0536-9479-4839-87AE-BF1E9349A496} = {37FBC71D-C335-4BD9-B5BA-2F22074398CE}
		{492736D9-F77C-4BD1-B49C-6AB94AC05C6C} = {37FBC71D-C335-4BD9-B5BA-2F22074398CE}
		{D8DC588C-1A05-4C53-AF3C-D6DFE25C6792} = {37FBC71D-C335-4BD9-B5BA-2F22074398CE}
		{5E95E85C-13C9-401E-BD6B-8901256203DF} = {37FBC71D-C335-4BD9-B5BA-2F22074398CE}
		{A1611560-E88D-48B2-BA47-D4694FDF3693} = {37FBC71D-C335-4BD9-B5BA-2F22074398CE}
		{5E447D83-DC50-492C-8AB2-8E715E23E027} = {A1611560-E88D-48B2-BA47-D4694FDF3693}
		{130CD8B6-2A55-473F-905B-6FA9B106BAF1} = {A1611560-E88D-48B2-BA47-D4694FDF3693}
		{4F535957-D86A-4FFF-982C-0663812BA008} = {37FBC71D-C335-4BD9-B5BA-2F22074398CE}
		{2D46F966-FF01-4FED-8A31-82254D9E33F7} = {4F535957-D86A-4FFF-982C-0663812BA008}
	EndGlobalSection
	GlobalSection(ExtensibilityGlobals) = postSolution
		EnterpriseLibraryConfigurationToolBinariesPathV6 = packages\EnterpriseLibrary.Common.6.0.1304.0\lib\NET45;packages\EnterpriseLibrary.ExceptionHandling.6.0.1304.0\lib\NET45
	EndGlobalSection
EndGlobal
